// !$*UTF8*$!
{
	archiveVersion = 1;
	classes = {
	};
	objectVersion = 46;
	objects = {

/* Begin PBXBuildFile section */
		65D2A4CF1484257F0089E6FA /* Cocoa.framework in Frameworks */ = {isa = PBXBuildFile; fileRef = 65D2A4CE1484257F0089E6FA /* Cocoa.framework */; };
		65D2A4D91484257F0089E6FA /* InfoPlist.strings in Resources */ = {isa = PBXBuildFile; fileRef = 65D2A4D71484257F0089E6FA /* InfoPlist.strings */; };
		65D2A4DB1484257F0089E6FA /* main.m in Sources */ = {isa = PBXBuildFile; fileRef = 65D2A4DA1484257F0089E6FA /* main.m */; };
		65D2A4DF1484257F0089E6FA /* Credits.rtf in Resources */ = {isa = PBXBuildFile; fileRef = 65D2A4DD1484257F0089E6FA /* Credits.rtf */; };
		65D2A4E21484257F0089E6FA /* AppDelegate.m in Sources */ = {isa = PBXBuildFile; fileRef = 65D2A4E11484257F0089E6FA /* AppDelegate.m */; };
		65D2A4E51484257F0089E6FA /* MainMenu.xib in Resources */ = {isa = PBXBuildFile; fileRef = 65D2A4E31484257F0089E6FA /* MainMenu.xib */; };
/* End PBXBuildFile section */

/* Begin PBXFileReference section */
		65D2A4CA1484257F0089E6FA /* gui.app */ = {isa = PBXFileReference; explicitFileType = wrapper.application; includeInIndex = 0; path = gui.app; sourceTree = BUILT_PRODUCTS_DIR; };
		65D2A4CE1484257F0089E6FA /* Cocoa.framework */ = {isa = PBXFileReference; lastKnownFileType = wrapper.framework; name = Cocoa.framework; path = System/Library/Frameworks/Cocoa.framework; sourceTree = SDKROOT; };
		65D2A4D11484257F0089E6FA /* AppKit.framework */ = {isa = PBXFileReference; lastKnownFileType = wrapper.framework; name = AppKit.framework; path = System/Library/Frameworks/AppKit.framework; sourceTree = SDKROOT; };
		65D2A4D21484257F0089E6FA /* CoreData.framework */ = {isa = PBXFileReference; lastKnownFileType = wrapper.framework; name = CoreData.framework; path = System/Library/Frameworks/CoreData.framework; sourceTree = SDKROOT; };
		65D2A4D31484257F0089E6FA /* Foundation.framework */ = {isa = PBXFileReference; lastKnownFileType = wrapper.framework; name = Foundation.framework; path = System/Library/Frameworks/Foundation.framework; sourceTree = SDKROOT; };
		65D2A4D61484257F0089E6FA /* gui-Info.plist */ = {isa = PBXFileReference; path = "gui-Info.plist"; sourceTree = "<group>"; };
		65D2A4D81484257F0089E6FA /* en */ = {isa = PBXFileReference; lastKnownFileType = text.plist.strings; name = en; path = en.lproj/InfoPlist.strings; sourceTree = "<group>"; };
		65D2A4DA1484257F0089E6FA /* main.m */ = {isa = PBXFileReference; lastKnownFileType = sourcecode.c.objc; path = main.m; sourceTree = "<group>"; };
		65D2A4DC1484257F0089E6FA /* gui-Prefix.pch */ = {isa = PBXFileReference; path = "gui-Prefix.pch"; sourceTree = "<group>"; };
		65D2A4DE1484257F0089E6FA /* en */ = {isa = PBXFileReference; lastKnownFileType = text.rtf; name = en; path = en.lproj/Credits.rtf; sourceTree = "<group>"; };
		65D2A4E01484257F0089E6FA /* AppDelegate.h */ = {isa = PBXFileReference; path = AppDelegate.h; sourceTree = "<group>"; };
		65D2A4E11484257F0089E6FA /* AppDelegate.m */ = {isa = PBXFileReference; lastKnownFileType = sourcecode.c.objc; path = AppDelegate.m; sourceTree = "<group>"; };
		65D2A4E41484257F0089E6FA /* en */ = {isa = PBXFileReference; lastKnownFileType = file.xib; name = en; path = en.lproj/MainMenu.xib; sourceTree = "<group>"; };
/* End PBXFileReference section */

/* Begin PBXFrameworksBuildPhase section */
		65D2A4C71484257F0089E6FA /* Frameworks */ = {
			isa = PBXFrameworksBuildPhase;
			buildActionMask = 2147483647;
			files = (
				65D2A4CF1484257F0089E6FA /* Cocoa.framework in Frameworks */,
			);
			runOnlyForDeploymentPostprocessing = 0;
		};
/* End PBXFrameworksBuildPhase section */

/* Begin PBXGroup section */
		65D2A4BF1484257F0089E6FA = {
			isa = PBXGroup;
			children = (
				65D2A4D41484257F0089E6FA /* gui */,
				65D2A4CD1484257F0089E6FA /* Frameworks */,
				65D2A4CB1484257F0089E6FA /* Products */,
			);
			sourceTree = "<group>";
		};
		65D2A4CB1484257F0089E6FA /* Products */ = {
			isa = PBXGroup;
			children = (
				65D2A4CA1484257F0089E6FA /* gui.app */,
			);
			name = Products;
			sourceTree = "<group>";
		};
		65D2A4CD1484257F0089E6FA /* Frameworks */ = {
			isa = PBXGroup;
			children = (
				65D2A4CE1484257F0089E6FA /* Cocoa.framework */,
				65D2A4D01484257F0089E6FA /* Other Frameworks */,
			);
			name = Frameworks;
			sourceTree = "<group>";
		};
		65D2A4D01484257F0089E6FA /* Other Frameworks */ = {
			isa = PBXGroup;
			children = (
				65D2A4D11484257F0089E6FA /* AppKit.framework */,
				65D2A4D21484257F0089E6FA /* CoreData.framework */,
				65D2A4D31484257F0089E6FA /* Foundation.framework */,
			);
			name = "Other Frameworks";
			sourceTree = "<group>";
		};
		65D2A4D41484257F0089E6FA /* gui */ = {
			isa = PBXGroup;
			children = (
				65D2A4E01484257F0089E6FA /* AppDelegate.h */,
				65D2A4E11484257F0089E6FA /* AppDelegate.m */,
				65D2A4E31484257F0089E6FA /* MainMenu.xib */,
				65D2A4D51484257F0089E6FA /* Supporting Files */,
			);
			path = gui;
			sourceTree = "<group>";
		};
		65D2A4D51484257F0089E6FA /* Supporting Files */ = {
			isa = PBXGroup;
			children = (
				65D2A4D61484257F0089E6FA /* gui-Info.plist */,
				65D2A4D71484257F0089E6FA /* InfoPlist.strings */,
				65D2A4DA1484257F0089E6FA /* main.m */,
				65D2A4DC1484257F0089E6FA /* gui-Prefix.pch */,
				65D2A4DD1484257F0089E6FA /* Credits.rtf */,
			);
			name = "Supporting Files";
			sourceTree = "<group>";
		};
/* End PBXGroup section */

/* Begin PBXNativeTarget section */
		65D2A4C91484257F0089E6FA /* gui */ = {
			isa = PBXNativeTarget;
			buildConfigurationList = 65D2A4E81484257F0089E6FA /* Build configuration list for PBXNativeTarget "gui" */;
			buildPhases = (
				65D2A4C61484257F0089E6FA /* Sources */,
				65D2A4C71484257F0089E6FA /* Frameworks */,
				65D2A4C81484257F0089E6FA /* Resources */,
			);
			buildRules = (
			);
			dependencies = (
			);
			name = gui;
			productName = gui;
			productReference = 65D2A4CA1484257F0089E6FA /* gui.app */;
			productType = "com.apple.product-type.application";
		};
/* End PBXNativeTarget section */

/* Begin PBXProject section */
		65D2A4C11484257F0089E6FA /* Project object */ = {
			isa = PBXProject;
			attributes = {
				LastUpgradeCheck = 0420;
			};
			buildConfigurationList = 65D2A4C41484257F0089E6FA /* Build configuration list for PBXProject "gui" */;
			compatibilityVersion = "Xcode 3.2";
			developmentRegion = English;
			hasScannedForEncodings = 0;
			knownRegions = (
				en,
			);
			mainGroup = 65D2A4BF1484257F0089E6FA;
			productRefGroup = 65D2A4CB1484257F0089E6FA /* Products */;
			projectDirPath = "";
			projectRoot = "";
			targets = (
				65D2A4C91484257F0089E6FA /* gui */,
			);
		};
/* End PBXProject section */

/* Begin PBXResourcesBuildPhase section */
		65D2A4C81484257F0089E6FA /* Resources */ = {
			isa = PBXResourcesBuildPhase;
			buildActionMask = 2147483647;
			files = (
				65D2A4D91484257F0089E6FA /* InfoPlist.strings in Resources */,
				65D2A4DF1484257F0089E6FA /* Credits.rtf in Resources */,
				65D2A4E51484257F0089E6FA /* MainMenu.xib in Resources */,
			);
			runOnlyForDeploymentPostprocessing = 0;
		};
/* End PBXResourcesBuildPhase section */

/* Begin PBXSourcesBuildPhase section */
		65D2A4C61484257F0089E6FA /* Sources */ = {
			isa = PBXSourcesBuildPhase;
			buildActionMask = 2147483647;
			files = (
				65D2A4DB1484257F0089E6FA /* main.m in Sources */,
				65D2A4E21484257F0089E6FA /* AppDelegate.m in Sources */,
			);
			runOnlyForDeploymentPostprocessing = 0;
		};
/* End PBXSourcesBuildPhase section */

/* Begin PBXVariantGroup section */
		65D2A4D71484257F0089E6FA /* InfoPlist.strings */ = {
			isa = PBXVariantGroup;
			children = (
				65D2A4D81484257F0089E6FA /* en */,
			);
			name = InfoPlist.strings;
			sourceTree = "<group>";
		};
		65D2A4DD1484257F0089E6FA /* Credits.rtf */ = {
			isa = PBXVariantGroup;
			children = (
				65D2A4DE1484257F0089E6FA /* en */,
			);
			name = Credits.rtf;
			sourceTree = "<group>";
		};
		65D2A4E31484257F0089E6FA /* MainMenu.xib */ = {
			isa = PBXVariantGroup;
			children = (
				65D2A4E41484257F0089E6FA /* en */,
			);
			name = MainMenu.xib;
			sourceTree = "<group>";
		};
/* End PBXVariantGroup section */

/* Begin XCBuildConfiguration section */
		65D2A4E61484257F0089E6FA /* Debug */ = {
			isa = XCBuildConfiguration;
			buildSettings = {
				ALWAYS_SEARCH_USER_PATHS = NO;
				ARCHS = "$(ARCHS_STANDARD_64_BIT)";
				COPY_PHASE_STRIP = NO;
				GCC_C_LANGUAGE_STANDARD = gnu99;
				GCC_DYNAMIC_NO_PIC = NO;
				GCC_ENABLE_OBJC_EXCEPTIONS = YES;
				GCC_OPTIMIZATION_LEVEL = 0;
				GCC_PREPROCESSOR_DEFINITIONS = (
					"DEBUG=1",
					"$(inherited)",
				);
				GCC_SYMBOLS_PRIVATE_EXTERN = NO;
				GCC_VERSION = com.apple.compilers.llvm.clang.1_0;
				GCC_WARN_64_TO_32_BIT_CONVERSION = YES;
				GCC_WARN_ABOUT_MISSING_PROTOTYPES = YES;
				GCC_WARN_ABOUT_RETURN_TYPE = YES;
				GCC_WARN_UNUSED_VARIABLE = YES;
				MACOSX_DEPLOYMENT_TARGET = 10.7;
				ONLY_ACTIVE_ARCH = YES;
				SDKROOT = macosx;
			};
			name = Debug;
		};
		65D2A4E71484257F0089E6FA /* Release */ = {
			isa = XCBuildConfiguration;
			buildSettings = {
				ALWAYS_SEARCH_USER_PATHS = NO;
				ARCHS = "$(ARCHS_STANDARD_64_BIT)";
				COPY_PHASE_STRIP = YES;
				DEBUG_INFORMATION_FORMAT = "dwarf-with-dsym";
				GCC_C_LANGUAGE_STANDARD = gnu99;
				GCC_ENABLE_OBJC_EXCEPTIONS = YES;
				GCC_VERSION = com.apple.compilers.llvm.clang.1_0;
				GCC_WARN_64_TO_32_BIT_CONVERSION = YES;
				GCC_WARN_ABOUT_MISSING_PROTOTYPES = YES;
				GCC_WARN_ABOUT_RETURN_TYPE = YES;
				GCC_WARN_UNUSED_VARIABLE = YES;
				MACOSX_DEPLOYMENT_TARGET = 10.7;
				SDKROOT = macosx;
			};
			name = Release;
		};
		65D2A4E91484257F0089E6FA /* Debug */ = {
			isa = XCBuildConfiguration;
			buildSettings = {
				GCC_PRECOMPILE_PREFIX_HEADER = YES;
				GCC_PREFIX_HEADER = "gui/gui-Prefix.pch";
				INFOPLIST_FILE = "gui/gui-Info.plist";
				PRODUCT_NAME = "$(TARGET_NAME)";
				WRAPPER_EXTENSION = app;
			};
			name = Debug;
		};
		65D2A4EA1484257F0089E6FA /* Release */ = {
			isa = XCBuildConfiguration;
			buildSettings = {
				GCC_PRECOMPILE_PREFIX_HEADER = YES;
				GCC_PREFIX_HEADER = "gui/gui-Prefix.pch";
				INFOPLIST_FILE = "gui/gui-Info.plist";
				PRODUCT_NAME = "$(TARGET_NAME)";
				WRAPPER_EXTENSION = app;
			};
			name = Release;
		};
/* End XCBuildConfiguration section */

/* Begin XCConfigurationList section */
		65D2A4C41484257F0089E6FA /* Build configuration list for PBXProject "gui" */ = {
			isa = XCConfigurationList;
			buildConfigurations = (
				65D2A4E61484257F0089E6FA /* Debug */,
				65D2A4E71484257F0089E6FA /* Release */,
			);
			defaultConfigurationIsVisible = 0;
			defaultConfigurationName = Release;
		};
		65D2A4E81484257F0089E6FA /* Build configuration list for PBXNativeTarget "gui" */ = {
			isa = XCConfigurationList;
			buildConfigurations = (
				65D2A4E91484257F0089E6FA /* Debug */,
				65D2A4EA1484257F0089E6FA /* Release */,
			);
			defaultConfigurationIsVisible = 0;
		};
/* End XCConfigurationList section */
	};
	rootObject = 65D2A4C11484257F0089E6FA /* Project object */;
}
