// !$*UTF8*$!
{
	archiveVersion = 1;
	classes = {
	};
	objectVersion = 46;
	objects = {

/* Begin PBXBuildFile section */
		65229F98147AD45900D83D06 /* Foundation.framework in Frameworks */ = {isa = PBXBuildFile; fileRef = 65229F97147AD45900D83D06 /* Foundation.framework */; };
		6522A062147AECFE00D83D06 /* MWSession.h in Headers */ = {isa = PBXBuildFile; fileRef = 6522A060147AECFE00D83D06 /* MWSession.h */; };
		6522A063147AECFE00D83D06 /* MWSession.m in Sources */ = {isa = PBXBuildFile; fileRef = 6522A061147AECFE00D83D06 /* MWSession.m */; };
		6522A066147AEE0800D83D06 /* MWApi.h in Headers */ = {isa = PBXBuildFile; fileRef = 6522A064147AEE0800D83D06 /* MWApi.h */; };
		6522A067147AEE0800D83D06 /* MWApi.m in Sources */ = {isa = PBXBuildFile; fileRef = 6522A065147AEE0800D83D06 /* MWApi.m */; };
		6522A06B147AEF2C00D83D06 /* NSString+RandomString.h in Headers */ = {isa = PBXBuildFile; fileRef = 6522A069147AEF2C00D83D06 /* NSString+RandomString.h */; };
		6522A06C147AEF2C00D83D06 /* NSString+RandomString.m in Sources */ = {isa = PBXBuildFile; fileRef = 6522A06A147AEF2C00D83D06 /* NSString+RandomString.m */; };
		6532663214C1A876004E90B0 /* MWDoStepState+doStepStateWithPrevState.h in Headers */ = {isa = PBXBuildFile; fileRef = 6532663014C1A876004E90B0 /* MWDoStepState+doStepStateWithPrevState.h */; };
		6532663314C1A876004E90B0 /* MWDoStepState+doStepStateWithPrevState.m in Sources */ = {isa = PBXBuildFile; fileRef = 6532663114C1A876004E90B0 /* MWDoStepState+doStepStateWithPrevState.m */; };
		65460AFB14BA16AD00664376 /* MWGameStatistic.h in Headers */ = {isa = PBXBuildFile; fileRef = 65460AF914BA16AC00664376 /* MWGameStatistic.h */; };
		65460AFC14BA16AD00664376 /* MWGameStatistic.m in Sources */ = {isa = PBXBuildFile; fileRef = 65460AFA14BA16AD00664376 /* MWGameStatistic.m */; };
		65460B0014BA182C00664376 /* MWGameStatistic+Parser.h in Headers */ = {isa = PBXBuildFile; fileRef = 65460AFE14BA182B00664376 /* MWGameStatistic+Parser.h */; };
		65460B0114BA182C00664376 /* MWGameStatistic+Parser.m in Sources */ = {isa = PBXBuildFile; fileRef = 65460AFF14BA182C00664376 /* MWGameStatistic+Parser.m */; };
		654BB54B14B9CC68000369F9 /* MWDoStepState.h in Headers */ = {isa = PBXBuildFile; fileRef = 654BB54914B9CC68000369F9 /* MWDoStepState.h */; };
		654BB54C14B9CC68000369F9 /* MWDoStepState.m in Sources */ = {isa = PBXBuildFile; fileRef = 654BB54A14B9CC68000369F9 /* MWDoStepState.m */; };
		65853270147EEDDA00075ACF /* JMonad.h in Headers */ = {isa = PBXBuildFile; fileRef = 6585326E147EEDDA00075ACF /* JMonad.h */; };
		65853271147EEDDA00075ACF /* JMonad.m in Sources */ = {isa = PBXBuildFile; fileRef = 6585326F147EEDDA00075ACF /* JMonad.m */; };
		6585330C148111C000075ACF /* NSObject+Parser.h in Headers */ = {isa = PBXBuildFile; fileRef = 6585330A148111C000075ACF /* NSObject+Parser.h */; };
		6585330D148111C000075ACF /* NSObject+Parser.m in Sources */ = {isa = PBXBuildFile; fileRef = 6585330B148111C000075ACF /* NSObject+Parser.m */; };
		6585331014812D0900075ACF /* MWStartGameState.h in Headers */ = {isa = PBXBuildFile; fileRef = 6585330E14812D0800075ACF /* MWStartGameState.h */; };
		6585331114812D0900075ACF /* MWStartGameState.m in Sources */ = {isa = PBXBuildFile; fileRef = 6585330F14812D0900075ACF /* MWStartGameState.m */; };
		6585331414812DA300075ACF /* MWSymb.h in Headers */ = {isa = PBXBuildFile; fileRef = 6585331214812DA300075ACF /* MWSymb.h */; };
		6585331514812DA300075ACF /* MWSymb.m in Sources */ = {isa = PBXBuildFile; fileRef = 6585331314812DA300075ACF /* MWSymb.m */; };
		6585331E14814E6100075ACF /* NSArray+Parser.h in Headers */ = {isa = PBXBuildFile; fileRef = 6585331C14814E6100075ACF /* NSArray+Parser.h */; };
		6585331F14814E6100075ACF /* NSArray+Parser.m in Sources */ = {isa = PBXBuildFile; fileRef = 6585331D14814E6100075ACF /* NSArray+Parser.m */; };
		6585332214814F3D00075ACF /* NSString+Parser.h in Headers */ = {isa = PBXBuildFile; fileRef = 6585332014814F3D00075ACF /* NSString+Parser.h */; };
		6585332314814F3D00075ACF /* NSString+Parser.m in Sources */ = {isa = PBXBuildFile; fileRef = 6585332114814F3D00075ACF /* NSString+Parser.m */; };
		658533261481544F00075ACF /* MWSymbWithCoords.h in Headers */ = {isa = PBXBuildFile; fileRef = 658533241481544F00075ACF /* MWSymbWithCoords.h */; };
		658533271481544F00075ACF /* MWSymbWithCoords.m in Sources */ = {isa = PBXBuildFile; fileRef = 658533251481544F00075ACF /* MWSymbWithCoords.m */; };
		658533C9148269A600075ACF /* MWCurrentGameState.h in Headers */ = {isa = PBXBuildFile; fileRef = 658533C7148269A400075ACF /* MWCurrentGameState.h */; };
		658533CA148269A600075ACF /* MWCurrentGameState.m in Sources */ = {isa = PBXBuildFile; fileRef = 658533C8148269A500075ACF /* MWCurrentGameState.m */; };
		65A9949C14C1F382001D36AE /* MWFinishGameStatistic.h in Headers */ = {isa = PBXBuildFile; fileRef = 65A9949A14C1F382001D36AE /* MWFinishGameStatistic.h */; };
		65A9949D14C1F382001D36AE /* MWFinishGameStatistic.m in Sources */ = {isa = PBXBuildFile; fileRef = 65A9949B14C1F382001D36AE /* MWFinishGameStatistic.m */; };
		65A994A014C1F45C001D36AE /* MWFinishGameStatistic+Parser.h in Headers */ = {isa = PBXBuildFile; fileRef = 65A9949E14C1F45C001D36AE /* MWFinishGameStatistic+Parser.h */; };
		65A994A114C1F45C001D36AE /* MWFinishGameStatistic+Parser.m in Sources */ = {isa = PBXBuildFile; fileRef = 65A9949F14C1F45C001D36AE /* MWFinishGameStatistic+Parser.m */; };
		65A994A414C225DB001D36AE /* MWSessionGameState.h in Headers */ = {isa = PBXBuildFile; fileRef = 65A994A214C225DB001D36AE /* MWSessionGameState.h */; };
		65A994A514C225DB001D36AE /* MWSessionGameState.m in Sources */ = {isa = PBXBuildFile; fileRef = 65A994A314C225DB001D36AE /* MWSessionGameState.m */; };
/* End PBXBuildFile section */

/* Begin PBXFileReference section */
		65229F94147AD45900D83D06 /* libMWSrv.a */ = {isa = PBXFileReference; explicitFileType = archive.ar; includeInIndex = 0; path = libMWSrv.a; sourceTree = BUILT_PRODUCTS_DIR; };
		65229F97147AD45900D83D06 /* Foundation.framework */ = {isa = PBXFileReference; lastKnownFileType = wrapper.framework; name = Foundation.framework; path = System/Library/Frameworks/Foundation.framework; sourceTree = SDKROOT; };
		65229F9B147AD45900D83D06 /* MWSrv-Prefix.pch */ = {isa = PBXFileReference; lastKnownFileType = sourcecode.c.h; path = "MWSrv-Prefix.pch"; sourceTree = "<group>"; };
		6522A060147AECFE00D83D06 /* MWSession.h */ = {isa = PBXFileReference; fileEncoding = 4; lastKnownFileType = sourcecode.c.h; path = MWSession.h; sourceTree = "<group>"; };
		6522A061147AECFE00D83D06 /* MWSession.m */ = {isa = PBXFileReference; fileEncoding = 4; lastKnownFileType = sourcecode.c.objc; path = MWSession.m; sourceTree = "<group>"; };
		6522A064147AEE0800D83D06 /* MWApi.h */ = {isa = PBXFileReference; fileEncoding = 4; lastKnownFileType = sourcecode.c.h; path = MWApi.h; sourceTree = "<group>"; };
		6522A065147AEE0800D83D06 /* MWApi.m */ = {isa = PBXFileReference; fileEncoding = 4; lastKnownFileType = sourcecode.c.objc; path = MWApi.m; sourceTree = "<group>"; };
		6522A069147AEF2C00D83D06 /* NSString+RandomString.h */ = {isa = PBXFileReference; fileEncoding = 4; lastKnownFileType = sourcecode.c.h; path = "NSString+RandomString.h"; sourceTree = "<group>"; };
		6522A06A147AEF2C00D83D06 /* NSString+RandomString.m */ = {isa = PBXFileReference; fileEncoding = 4; lastKnownFileType = sourcecode.c.objc; path = "NSString+RandomString.m"; sourceTree = "<group>"; };
		6532663014C1A876004E90B0 /* MWDoStepState+doStepStateWithPrevState.h */ = {isa = PBXFileReference; fileEncoding = 4; lastKnownFileType = sourcecode.c.h; path = "MWDoStepState+doStepStateWithPrevState.h"; sourceTree = "<group>"; };
		6532663114C1A876004E90B0 /* MWDoStepState+doStepStateWithPrevState.m */ = {isa = PBXFileReference; fileEncoding = 4; lastKnownFileType = sourcecode.c.objc; path = "MWDoStepState+doStepStateWithPrevState.m"; sourceTree = "<group>"; };
		65460AF914BA16AC00664376 /* MWGameStatistic.h */ = {isa = PBXFileReference; fileEncoding = 4; lastKnownFileType = sourcecode.c.h; path = MWGameStatistic.h; sourceTree = "<group>"; };
		65460AFA14BA16AD00664376 /* MWGameStatistic.m */ = {isa = PBXFileReference; fileEncoding = 4; lastKnownFileType = sourcecode.c.objc; path = MWGameStatistic.m; sourceTree = "<group>"; };
		65460AFE14BA182B00664376 /* MWGameStatistic+Parser.h */ = {isa = PBXFileReference; fileEncoding = 4; lastKnownFileType = sourcecode.c.h; path = "MWGameStatistic+Parser.h"; sourceTree = "<group>"; };
		65460AFF14BA182C00664376 /* MWGameStatistic+Parser.m */ = {isa = PBXFileReference; fileEncoding = 4; lastKnownFileType = sourcecode.c.objc; path = "MWGameStatistic+Parser.m"; sourceTree = "<group>"; };
		654BB54914B9CC68000369F9 /* MWDoStepState.h */ = {isa = PBXFileReference; fileEncoding = 4; lastKnownFileType = sourcecode.c.h; path = MWDoStepState.h; sourceTree = "<group>"; };
		654BB54A14B9CC68000369F9 /* MWDoStepState.m */ = {isa = PBXFileReference; fileEncoding = 4; lastKnownFileType = sourcecode.c.objc; path = MWDoStepState.m; sourceTree = "<group>"; };
		6585326E147EEDDA00075ACF /* JMonad.h */ = {isa = PBXFileReference; fileEncoding = 4; lastKnownFileType = sourcecode.c.h; path = JMonad.h; sourceTree = "<group>"; };
		6585326F147EEDDA00075ACF /* JMonad.m */ = {isa = PBXFileReference; fileEncoding = 4; lastKnownFileType = sourcecode.c.objc; path = JMonad.m; sourceTree = "<group>"; };
		6585330A148111C000075ACF /* NSObject+Parser.h */ = {isa = PBXFileReference; fileEncoding = 4; lastKnownFileType = sourcecode.c.h; path = "NSObject+Parser.h"; sourceTree = "<group>"; };
		6585330B148111C000075ACF /* NSObject+Parser.m */ = {isa = PBXFileReference; fileEncoding = 4; lastKnownFileType = sourcecode.c.objc; path = "NSObject+Parser.m"; sourceTree = "<group>"; };
		6585330E14812D0800075ACF /* MWStartGameState.h */ = {isa = PBXFileReference; fileEncoding = 4; lastKnownFileType = sourcecode.c.h; path = MWStartGameState.h; sourceTree = "<group>"; };
		6585330F14812D0900075ACF /* MWStartGameState.m */ = {isa = PBXFileReference; fileEncoding = 4; lastKnownFileType = sourcecode.c.objc; path = MWStartGameState.m; sourceTree = "<group>"; };
		6585331214812DA300075ACF /* MWSymb.h */ = {isa = PBXFileReference; fileEncoding = 4; lastKnownFileType = sourcecode.c.h; path = MWSymb.h; sourceTree = "<group>"; };
		6585331314812DA300075ACF /* MWSymb.m */ = {isa = PBXFileReference; fileEncoding = 4; lastKnownFileType = sourcecode.c.objc; path = MWSymb.m; sourceTree = "<group>"; };
		6585331C14814E6100075ACF /* NSArray+Parser.h */ = {isa = PBXFileReference; fileEncoding = 4; lastKnownFileType = sourcecode.c.h; path = "NSArray+Parser.h"; sourceTree = "<group>"; };
		6585331D14814E6100075ACF /* NSArray+Parser.m */ = {isa = PBXFileReference; fileEncoding = 4; lastKnownFileType = sourcecode.c.objc; path = "NSArray+Parser.m"; sourceTree = "<group>"; };
		6585332014814F3D00075ACF /* NSString+Parser.h */ = {isa = PBXFileReference; fileEncoding = 4; lastKnownFileType = sourcecode.c.h; path = "NSString+Parser.h"; sourceTree = "<group>"; };
		6585332114814F3D00075ACF /* NSString+Parser.m */ = {isa = PBXFileReference; fileEncoding = 4; lastKnownFileType = sourcecode.c.objc; path = "NSString+Parser.m"; sourceTree = "<group>"; };
		658533241481544F00075ACF /* MWSymbWithCoords.h */ = {isa = PBXFileReference; fileEncoding = 4; lastKnownFileType = sourcecode.c.h; path = MWSymbWithCoords.h; sourceTree = "<group>"; };
		658533251481544F00075ACF /* MWSymbWithCoords.m */ = {isa = PBXFileReference; fileEncoding = 4; lastKnownFileType = sourcecode.c.objc; path = MWSymbWithCoords.m; sourceTree = "<group>"; };
		658533C7148269A400075ACF /* MWCurrentGameState.h */ = {isa = PBXFileReference; fileEncoding = 4; lastKnownFileType = sourcecode.c.h; path = MWCurrentGameState.h; sourceTree = "<group>"; };
		658533C8148269A500075ACF /* MWCurrentGameState.m */ = {isa = PBXFileReference; fileEncoding = 4; lastKnownFileType = sourcecode.c.objc; path = MWCurrentGameState.m; sourceTree = "<group>"; };
		65A9949A14C1F382001D36AE /* MWFinishGameStatistic.h */ = {isa = PBXFileReference; fileEncoding = 4; lastKnownFileType = sourcecode.c.h; path = MWFinishGameStatistic.h; sourceTree = "<group>"; };
		65A9949B14C1F382001D36AE /* MWFinishGameStatistic.m */ = {isa = PBXFileReference; fileEncoding = 4; lastKnownFileType = sourcecode.c.objc; path = MWFinishGameStatistic.m; sourceTree = "<group>"; };
		65A9949E14C1F45C001D36AE /* MWFinishGameStatistic+Parser.h */ = {isa = PBXFileReference; fileEncoding = 4; lastKnownFileType = sourcecode.c.h; path = "MWFinishGameStatistic+Parser.h"; sourceTree = "<group>"; };
		65A9949F14C1F45C001D36AE /* MWFinishGameStatistic+Parser.m */ = {isa = PBXFileReference; fileEncoding = 4; lastKnownFileType = sourcecode.c.objc; path = "MWFinishGameStatistic+Parser.m"; sourceTree = "<group>"; };
		65A994A214C225DB001D36AE /* MWSessionGameState.h */ = {isa = PBXFileReference; fileEncoding = 4; lastKnownFileType = sourcecode.c.h; path = MWSessionGameState.h; sourceTree = "<group>"; };
		65A994A314C225DB001D36AE /* MWSessionGameState.m */ = {isa = PBXFileReference; fileEncoding = 4; lastKnownFileType = sourcecode.c.objc; path = MWSessionGameState.m; sourceTree = "<group>"; };
/* End PBXFileReference section */

/* Begin PBXFrameworksBuildPhase section */
		65229F91147AD45900D83D06 /* Frameworks */ = {
			isa = PBXFrameworksBuildPhase;
			buildActionMask = 2147483647;
			files = (
				65229F98147AD45900D83D06 /* Foundation.framework in Frameworks */,
			);
			runOnlyForDeploymentPostprocessing = 0;
		};
/* End PBXFrameworksBuildPhase section */

/* Begin PBXGroup section */
		65229F89147AD45800D83D06 = {
			isa = PBXGroup;
			children = (
				65229F99147AD45900D83D06 /* MWSrv */,
				65229F96147AD45900D83D06 /* Frameworks */,
				65229F95147AD45900D83D06 /* Products */,
				65229FA4147AD48900D83D06 /* Dependencies */,
			);
			sourceTree = "<group>";
		};
		65229F95147AD45900D83D06 /* Products */ = {
			isa = PBXGroup;
			children = (
				65229F94147AD45900D83D06 /* libMWSrv.a */,
			);
			name = Products;
			sourceTree = "<group>";
		};
		65229F96147AD45900D83D06 /* Frameworks */ = {
			isa = PBXGroup;
			children = (
				65229F97147AD45900D83D06 /* Foundation.framework */,
			);
			name = Frameworks;
			sourceTree = "<group>";
		};
		65229F99147AD45900D83D06 /* MWSrv */ = {
			isa = PBXGroup;
			children = (
				65A9949814C1F34E001D36AE /* Data */,
				6585331214812DA300075ACF /* MWSymb.h */,
				6585331314812DA300075ACF /* MWSymb.m */,
				658533241481544F00075ACF /* MWSymbWithCoords.h */,
				658533251481544F00075ACF /* MWSymbWithCoords.m */,
				6585330E14812D0800075ACF /* MWStartGameState.h */,
				6585330F14812D0900075ACF /* MWStartGameState.m */,
				658533C7148269A400075ACF /* MWCurrentGameState.h */,
				658533C8148269A500075ACF /* MWCurrentGameState.m */,
				654BB54914B9CC68000369F9 /* MWDoStepState.h */,
				654BB54A14B9CC68000369F9 /* MWDoStepState.m */,
				65460AF914BA16AC00664376 /* MWGameStatistic.h */,
				65460AFA14BA16AD00664376 /* MWGameStatistic.m */,
				65853304148111AF00075ACF /* Parser */,
				65853268147EEDCB00075ACF /* Monad */,
				6522A068147AEF1200D83D06 /* Extensions */,
				6522A064147AEE0800D83D06 /* MWApi.h */,
				6522A065147AEE0800D83D06 /* MWApi.m */,
				6522A060147AECFE00D83D06 /* MWSession.h */,
				6522A061147AECFE00D83D06 /* MWSession.m */,
				65229F9A147AD45900D83D06 /* Supporting Files */,
			);
			path = MWSrv;
			sourceTree = "<group>";
		};
		65229F9A147AD45900D83D06 /* Supporting Files */ = {
			isa = PBXGroup;
			children = (
				65229F9B147AD45900D83D06 /* MWSrv-Prefix.pch */,
			);
			name = "Supporting Files";
			sourceTree = "<group>";
		};
		65229FA4147AD48900D83D06 /* Dependencies */ = {
			isa = PBXGroup;
			children = (
			);
			name = Dependencies;
			sourceTree = "<group>";
		};
		6522A068147AEF1200D83D06 /* Extensions */ = {
			isa = PBXGroup;
			children = (
				6522A069147AEF2C00D83D06 /* NSString+RandomString.h */,
				6522A06A147AEF2C00D83D06 /* NSString+RandomString.m */,
				6532663014C1A876004E90B0 /* MWDoStepState+doStepStateWithPrevState.h */,
				6532663114C1A876004E90B0 /* MWDoStepState+doStepStateWithPrevState.m */,
			);
			path = Extensions;
			sourceTree = "<group>";
		};
		65853268147EEDCB00075ACF /* Monad */ = {
			isa = PBXGroup;
			children = (
				6585326E147EEDDA00075ACF /* JMonad.h */,
				6585326F147EEDDA00075ACF /* JMonad.m */,
			);
			path = Monad;
			sourceTree = "<group>";
		};
		65853304148111AF00075ACF /* Parser */ = {
			isa = PBXGroup;
			children = (
				6585330A148111C000075ACF /* NSObject+Parser.h */,
				6585330B148111C000075ACF /* NSObject+Parser.m */,
				6585331C14814E6100075ACF /* NSArray+Parser.h */,
				6585331D14814E6100075ACF /* NSArray+Parser.m */,
				6585332014814F3D00075ACF /* NSString+Parser.h */,
				6585332114814F3D00075ACF /* NSString+Parser.m */,
				65460AFE14BA182B00664376 /* MWGameStatistic+Parser.h */,
				65460AFF14BA182C00664376 /* MWGameStatistic+Parser.m */,
				65A9949E14C1F45C001D36AE /* MWFinishGameStatistic+Parser.h */,
				65A9949F14C1F45C001D36AE /* MWFinishGameStatistic+Parser.m */,
			);
			path = Parser;
			sourceTree = "<group>";
		};
		65A9949814C1F34E001D36AE /* Data */ = {
			isa = PBXGroup;
			children = (
				65A9949A14C1F382001D36AE /* MWFinishGameStatistic.h */,
				65A9949B14C1F382001D36AE /* MWFinishGameStatistic.m */,
				65A994A214C225DB001D36AE /* MWSessionGameState.h */,
				65A994A314C225DB001D36AE /* MWSessionGameState.m */,
			);
			path = Data;
			sourceTree = "<group>";
		};
/* End PBXGroup section */

/* Begin PBXHeadersBuildPhase section */
		65229F92147AD45900D83D06 /* Headers */ = {
			isa = PBXHeadersBuildPhase;
			buildActionMask = 2147483647;
			files = (
				6522A062147AECFE00D83D06 /* MWSession.h in Headers */,
				6522A066147AEE0800D83D06 /* MWApi.h in Headers */,
				6522A06B147AEF2C00D83D06 /* NSString+RandomString.h in Headers */,
				65853270147EEDDA00075ACF /* JMonad.h in Headers */,
				6585330C148111C000075ACF /* NSObject+Parser.h in Headers */,
				6585331014812D0900075ACF /* MWStartGameState.h in Headers */,
				6585331414812DA300075ACF /* MWSymb.h in Headers */,
				6585331E14814E6100075ACF /* NSArray+Parser.h in Headers */,
				6585332214814F3D00075ACF /* NSString+Parser.h in Headers */,
				658533261481544F00075ACF /* MWSymbWithCoords.h in Headers */,
				658533C9148269A600075ACF /* MWCurrentGameState.h in Headers */,
				654BB54B14B9CC68000369F9 /* MWDoStepState.h in Headers */,
				65460AFB14BA16AD00664376 /* MWGameStatistic.h in Headers */,
				65460B0014BA182C00664376 /* MWGameStatistic+Parser.h in Headers */,
				6532663214C1A876004E90B0 /* MWDoStepState+doStepStateWithPrevState.h in Headers */,
				65A9949C14C1F382001D36AE /* MWFinishGameStatistic.h in Headers */,
				65A994A014C1F45C001D36AE /* MWFinishGameStatistic+Parser.h in Headers */,
				65A994A414C225DB001D36AE /* MWSessionGameState.h in Headers */,
			);
			runOnlyForDeploymentPostprocessing = 0;
		};
/* End PBXHeadersBuildPhase section */

/* Begin PBXNativeTarget section */
		65229F93147AD45900D83D06 /* MWSrv */ = {
			isa = PBXNativeTarget;
			buildConfigurationList = 65229FA1147AD45900D83D06 /* Build configuration list for PBXNativeTarget "MWSrv" */;
			buildPhases = (
				65229F90147AD45900D83D06 /* Sources */,
				65229F91147AD45900D83D06 /* Frameworks */,
				65229F92147AD45900D83D06 /* Headers */,
			);
			buildRules = (
			);
			dependencies = (
			);
			name = MWSrv;
			productName = MWSrv;
			productReference = 65229F94147AD45900D83D06 /* libMWSrv.a */;
			productType = "com.apple.product-type.library.static";
		};
/* End PBXNativeTarget section */

/* Begin PBXProject section */
		65229F8B147AD45800D83D06 /* Project object */ = {
			isa = PBXProject;
			attributes = {
				LastUpgradeCheck = 0430;
			};
			buildConfigurationList = 65229F8E147AD45800D83D06 /* Build configuration list for PBXProject "MWSrv" */;
			compatibilityVersion = "Xcode 3.2";
			developmentRegion = English;
			hasScannedForEncodings = 0;
			knownRegions = (
				en,
			);
			mainGroup = 65229F89147AD45800D83D06;
			productRefGroup = 65229F95147AD45900D83D06 /* Products */;
			projectDirPath = "";
			projectRoot = "";
			targets = (
				65229F93147AD45900D83D06 /* MWSrv */,
			);
		};
/* End PBXProject section */

/* Begin PBXSourcesBuildPhase section */
		65229F90147AD45900D83D06 /* Sources */ = {
			isa = PBXSourcesBuildPhase;
			buildActionMask = 2147483647;
			files = (
				6522A063147AECFE00D83D06 /* MWSession.m in Sources */,
				6522A067147AEE0800D83D06 /* MWApi.m in Sources */,
				6522A06C147AEF2C00D83D06 /* NSString+RandomString.m in Sources */,
				65853271147EEDDA00075ACF /* JMonad.m in Sources */,
				6585330D148111C000075ACF /* NSObject+Parser.m in Sources */,
				6585331114812D0900075ACF /* MWStartGameState.m in Sources */,
				6585331514812DA300075ACF /* MWSymb.m in Sources */,
				6585331F14814E6100075ACF /* NSArray+Parser.m in Sources */,
				6585332314814F3D00075ACF /* NSString+Parser.m in Sources */,
				658533271481544F00075ACF /* MWSymbWithCoords.m in Sources */,
				658533CA148269A600075ACF /* MWCurrentGameState.m in Sources */,
				654BB54C14B9CC68000369F9 /* MWDoStepState.m in Sources */,
				65460AFC14BA16AD00664376 /* MWGameStatistic.m in Sources */,
				65460B0114BA182C00664376 /* MWGameStatistic+Parser.m in Sources */,
				6532663314C1A876004E90B0 /* MWDoStepState+doStepStateWithPrevState.m in Sources */,
				65A9949D14C1F382001D36AE /* MWFinishGameStatistic.m in Sources */,
				65A994A114C1F45C001D36AE /* MWFinishGameStatistic+Parser.m in Sources */,
				65A994A514C225DB001D36AE /* MWSessionGameState.m in Sources */,
			);
			runOnlyForDeploymentPostprocessing = 0;
		};
/* End PBXSourcesBuildPhase section */

/* Begin XCBuildConfiguration section */
		65229F9F147AD45900D83D06 /* Debug */ = {
			isa = XCBuildConfiguration;
			buildSettings = {
				ALWAYS_SEARCH_USER_PATHS = NO;
				ARCHS = (
					armv6,
					armv7,
				);
				CODE_SIGN_IDENTITY = "iPhone Developer: Aleksey Savchenko (CR2T5PQ37E)";
				COPY_PHASE_STRIP = NO;
				GCC_C_LANGUAGE_STANDARD = gnu99;
				GCC_DYNAMIC_NO_PIC = NO;
				GCC_OPTIMIZATION_LEVEL = 0;
				GCC_PREPROCESSOR_DEFINITIONS = (
					"DEBUG=1",
					"$(inherited)",
				);
				GCC_SYMBOLS_PRIVATE_EXTERN = NO;
				GCC_VERSION = com.apple.compilers.llvmgcc42;
				GCC_WARN_ABOUT_MISSING_PROTOTYPES = YES;
				GCC_WARN_ABOUT_RETURN_TYPE = YES;
				GCC_WARN_UNUSED_VARIABLE = YES;
				HEADER_SEARCH_PATHS = (
					"../../lib-third-party/cocoa-amf/CocoaAMF",
					"../../lib-third-party/JFFLibrary/lib",
				);
				IPHONEOS_DEPLOYMENT_TARGET = 4.0;
				OTHER_LDFLAGS = (
					"-ObjC",
					"-all_load",
				);
				PROVISIONING_PROFILE = "72F11EEC-0338-47A4-A83D-79A5E657E9EA";
				SDKROOT = iphoneos;
				SKIP_INSTALL = YES;
			};
			name = Debug;
		};
		65229FA0147AD45900D83D06 /* Release */ = {
			isa = XCBuildConfiguration;
			buildSettings = {
				ALWAYS_SEARCH_USER_PATHS = NO;
				ARCHS = (
					armv6,
					armv7,
				);
				CODE_SIGN_IDENTITY = "iPhone Developer: Aleksey Savchenko (CR2T5PQ37E)";
				COPY_PHASE_STRIP = YES;
				GCC_C_LANGUAGE_STANDARD = gnu99;
				GCC_VERSION = com.apple.compilers.llvmgcc42;
				GCC_WARN_ABOUT_MISSING_PROTOTYPES = YES;
				GCC_WARN_ABOUT_RETURN_TYPE = YES;
				GCC_WARN_UNUSED_VARIABLE = YES;
				HEADER_SEARCH_PATHS = (
					"../../lib-third-party/cocoa-amf/CocoaAMF",
					"../../lib-third-party/JFFLibrary/lib",
				);
				IPHONEOS_DEPLOYMENT_TARGET = 4.0;
				OTHER_LDFLAGS = (
					"-ObjC",
					"-all_load",
				);
				PROVISIONING_PROFILE = "72F11EEC-0338-47A4-A83D-79A5E657E9EA";
				SDKROOT = iphoneos;
				SKIP_INSTALL = YES;
				VALIDATE_PRODUCT = YES;
			};
			name = Release;
		};
		65229FA2147AD45900D83D06 /* Debug */ = {
			isa = XCBuildConfiguration;
			buildSettings = {
				ARCHS = (
					armv6,
					armv7,
				);
				DSTROOT = /tmp/MWSrv.dst;
				GCC_PRECOMPILE_PREFIX_HEADER = YES;
				GCC_PREFIX_HEADER = "MWSrv/MWSrv-Prefix.pch";
				IPHONEOS_DEPLOYMENT_TARGET = 3.1;
				OTHER_LDFLAGS = (
					"-all_load",
					"-ObjC",
				);
				PRODUCT_NAME = "$(TARGET_NAME)";
				SKIP_INSTALL = YES;
			};
			name = Debug;
		};
		65229FA3147AD45900D83D06 /* Release */ = {
			isa = XCBuildConfiguration;
			buildSettings = {
				ARCHS = (
					armv6,
					armv7,
				);
				DSTROOT = /tmp/MWSrv.dst;
				GCC_PRECOMPILE_PREFIX_HEADER = YES;
				GCC_PREFIX_HEADER = "MWSrv/MWSrv-Prefix.pch";
				IPHONEOS_DEPLOYMENT_TARGET = 3.1;
				OTHER_LDFLAGS = (
					"-all_load",
					"-ObjC",
				);
				PRODUCT_NAME = "$(TARGET_NAME)";
				SKIP_INSTALL = YES;
			};
			name = Release;
		};
/* End XCBuildConfiguration section */

/* Begin XCConfigurationList section */
		65229F8E147AD45800D83D06 /* Build configuration list for PBXProject "MWSrv" */ = {
			isa = XCConfigurationList;
			buildConfigurations = (
				65229F9F147AD45900D83D06 /* Debug */,
				65229FA0147AD45900D83D06 /* Release */,
			);
			defaultConfigurationIsVisible = 0;
			defaultConfigurationName = Release;
		};
		65229FA1147AD45900D83D06 /* Build configuration list for PBXNativeTarget "MWSrv" */ = {
			isa = XCConfigurationList;
			buildConfigurations = (
				65229FA2147AD45900D83D06 /* Debug */,
				65229FA3147AD45900D83D06 /* Release */,
			);
			defaultConfigurationIsVisible = 0;
			defaultConfigurationName = Release;
		};
/* End XCConfigurationList section */
	};
	rootObject = 65229F8B147AD45800D83D06 /* Project object */;
}
