// !$*UTF8*$!
{
	archiveVersion = 1;
	classes = {
	};
	objectVersion = 46;
	objects = {

/* Begin PBXBuildFile section */
		65E7344F14541C0D00DF2FD1 /* UIKit.framework in Frameworks */ = {isa = PBXBuildFile; fileRef = 65E7344E14541C0D00DF2FD1 /* UIKit.framework */; };
		65E7345114541C0D00DF2FD1 /* Foundation.framework in Frameworks */ = {isa = PBXBuildFile; fileRef = 65E7345014541C0D00DF2FD1 /* Foundation.framework */; };
		65E7345314541C0D00DF2FD1 /* CoreGraphics.framework in Frameworks */ = {isa = PBXBuildFile; fileRef = 65E7345214541C0D00DF2FD1 /* CoreGraphics.framework */; };
		65E7345914541C0D00DF2FD1 /* InfoPlist.strings in Resources */ = {isa = PBXBuildFile; fileRef = 65E7345714541C0D00DF2FD1 /* InfoPlist.strings */; };
		65E7345B14541C0D00DF2FD1 /* main.m in Sources */ = {isa = PBXBuildFile; fileRef = 65E7345A14541C0D00DF2FD1 /* main.m */; };
		65E7345F14541C0D00DF2FD1 /* AppDelegate.m in Sources */ = {isa = PBXBuildFile; fileRef = 65E7345E14541C0D00DF2FD1 /* AppDelegate.m */; };
		65E7346214541C0D00DF2FD1 /* MainStoryboard.storyboard in Resources */ = {isa = PBXBuildFile; fileRef = 65E7346014541C0D00DF2FD1 /* MainStoryboard.storyboard */; };
		65E7346514541C0D00DF2FD1 /* ViewController.m in Sources */ = {isa = PBXBuildFile; fileRef = 65E7346414541C0D00DF2FD1 /* ViewController.m */; };
		65E7349D14541CAC00DF2FD1 /* libJFFAsyncOperations.a in Frameworks */ = {isa = PBXBuildFile; fileRef = 65E7347814541C6700DF2FD1 /* libJFFAsyncOperations.a */; };
		65E7349E14541CAC00DF2FD1 /* libJFFNetwork.a in Frameworks */ = {isa = PBXBuildFile; fileRef = 65E7348214541C6E00DF2FD1 /* libJFFNetwork.a */; };
		65E7349F14541CAC00DF2FD1 /* libJFFScheduler.a in Frameworks */ = {isa = PBXBuildFile; fileRef = 65E7348B14541C7400DF2FD1 /* libJFFScheduler.a */; };
		65E734A014541CAC00DF2FD1 /* libJFFUtils.a in Frameworks */ = {isa = PBXBuildFile; fileRef = 65E7349414541C7B00DF2FD1 /* libJFFUtils.a */; };
		65E734A214541DE700DF2FD1 /* CFNetwork.framework in Frameworks */ = {isa = PBXBuildFile; fileRef = 65E734A114541DE700DF2FD1 /* CFNetwork.framework */; };
		65E734A414541DF600DF2FD1 /* libz.dylib in Frameworks */ = {isa = PBXBuildFile; fileRef = 65E734A314541DF600DF2FD1 /* libz.dylib */; };
/* End PBXBuildFile section */

/* Begin PBXContainerItemProxy section */
		65E7347714541C6700DF2FD1 /* PBXContainerItemProxy */ = {
			isa = PBXContainerItemProxy;
			containerPortal = 65E7346C14541C6700DF2FD1 /* JFFAsyncOperations.xcodeproj */;
			proxyType = 2;
			remoteGlobalIDString = D2AAC07E0554694100DB518D;
			remoteInfo = JFFAsyncOperations;
		};
		65E7348114541C6E00DF2FD1 /* PBXContainerItemProxy */ = {
			isa = PBXContainerItemProxy;
			containerPortal = 65E7347A14541C6E00DF2FD1 /* JFFNetwork.xcodeproj */;
			proxyType = 2;
			remoteGlobalIDString = 8D5AE6DB13F3E6C600EB6143;
			remoteInfo = JFFNetwork;
		};
		65E7348A14541C7400DF2FD1 /* PBXContainerItemProxy */ = {
			isa = PBXContainerItemProxy;
			containerPortal = 65E7348314541C7400DF2FD1 /* JFFScheduler.xcodeproj */;
			proxyType = 2;
			remoteGlobalIDString = D2AAC07E0554694100DB518D;
			remoteInfo = JFFScheduler;
		};
		65E7349314541C7B00DF2FD1 /* PBXContainerItemProxy */ = {
			isa = PBXContainerItemProxy;
			containerPortal = 65E7348C14541C7B00DF2FD1 /* JFFUtils.xcodeproj */;
			proxyType = 2;
			remoteGlobalIDString = D2AAC07E0554694100DB518D;
			remoteInfo = JFFUtils;
		};
		65E7349514541CA500DF2FD1 /* PBXContainerItemProxy */ = {
			isa = PBXContainerItemProxy;
			containerPortal = 65E7348C14541C7B00DF2FD1 /* JFFUtils.xcodeproj */;
			proxyType = 1;
			remoteGlobalIDString = D2AAC07D0554694100DB518D;
			remoteInfo = JFFUtils;
		};
		65E7349714541CA500DF2FD1 /* PBXContainerItemProxy */ = {
			isa = PBXContainerItemProxy;
			containerPortal = 65E7346C14541C6700DF2FD1 /* JFFAsyncOperations.xcodeproj */;
			proxyType = 1;
			remoteGlobalIDString = D2AAC07D0554694100DB518D;
			remoteInfo = JFFAsyncOperations;
		};
		65E7349914541CA500DF2FD1 /* PBXContainerItemProxy */ = {
			isa = PBXContainerItemProxy;
			containerPortal = 65E7348314541C7400DF2FD1 /* JFFScheduler.xcodeproj */;
			proxyType = 1;
			remoteGlobalIDString = D2AAC07D0554694100DB518D;
			remoteInfo = JFFScheduler;
		};
		65E7349B14541CA500DF2FD1 /* PBXContainerItemProxy */ = {
			isa = PBXContainerItemProxy;
			containerPortal = 65E7347A14541C6E00DF2FD1 /* JFFNetwork.xcodeproj */;
			proxyType = 1;
			remoteGlobalIDString = 8D5AE6DA13F3E6C600EB6143;
			remoteInfo = JFFNetwork;
		};
/* End PBXContainerItemProxy section */

/* Begin PBXFileReference section */
		65E7344A14541C0D00DF2FD1 /* testStream.app */ = {isa = PBXFileReference; explicitFileType = wrapper.application; includeInIndex = 0; path = testStream.app; sourceTree = BUILT_PRODUCTS_DIR; };
		65E7344E14541C0D00DF2FD1 /* UIKit.framework */ = {isa = PBXFileReference; lastKnownFileType = wrapper.framework; name = UIKit.framework; path = System/Library/Frameworks/UIKit.framework; sourceTree = SDKROOT; };
		65E7345014541C0D00DF2FD1 /* Foundation.framework */ = {isa = PBXFileReference; lastKnownFileType = wrapper.framework; name = Foundation.framework; path = System/Library/Frameworks/Foundation.framework; sourceTree = SDKROOT; };
		65E7345214541C0D00DF2FD1 /* CoreGraphics.framework */ = {isa = PBXFileReference; lastKnownFileType = wrapper.framework; name = CoreGraphics.framework; path = System/Library/Frameworks/CoreGraphics.framework; sourceTree = SDKROOT; };
		65E7345614541C0D00DF2FD1 /* testStream-Info.plist */ = {isa = PBXFileReference; lastKnownFileType = text.plist.xml; path = "testStream-Info.plist"; sourceTree = "<group>"; };
		65E7345814541C0D00DF2FD1 /* en */ = {isa = PBXFileReference; lastKnownFileType = text.plist.strings; name = en; path = en.lproj/InfoPlist.strings; sourceTree = "<group>"; };
		65E7345A14541C0D00DF2FD1 /* main.m */ = {isa = PBXFileReference; lastKnownFileType = sourcecode.c.objc; path = main.m; sourceTree = "<group>"; };
		65E7345C14541C0D00DF2FD1 /* testStream-Prefix.pch */ = {isa = PBXFileReference; lastKnownFileType = sourcecode.c.h; path = "testStream-Prefix.pch"; sourceTree = "<group>"; };
		65E7345D14541C0D00DF2FD1 /* AppDelegate.h */ = {isa = PBXFileReference; lastKnownFileType = sourcecode.c.h; path = AppDelegate.h; sourceTree = "<group>"; };
		65E7345E14541C0D00DF2FD1 /* AppDelegate.m */ = {isa = PBXFileReference; lastKnownFileType = sourcecode.c.objc; path = AppDelegate.m; sourceTree = "<group>"; };
		65E7346114541C0D00DF2FD1 /* en */ = {isa = PBXFileReference; lastKnownFileType = file.storyboard; name = en; path = en.lproj/MainStoryboard.storyboard; sourceTree = "<group>"; };
		65E7346314541C0D00DF2FD1 /* ViewController.h */ = {isa = PBXFileReference; lastKnownFileType = sourcecode.c.h; path = ViewController.h; sourceTree = "<group>"; };
		65E7346414541C0D00DF2FD1 /* ViewController.m */ = {isa = PBXFileReference; lastKnownFileType = sourcecode.c.objc; path = ViewController.m; sourceTree = "<group>"; };
		65E7346C14541C6700DF2FD1 /* JFFAsyncOperations.xcodeproj */ = {isa = PBXFileReference; lastKnownFileType = "wrapper.pb-project"; name = JFFAsyncOperations.xcodeproj; path = Dependencies/JFFLibrary/lib/JFFAsyncOperations/JFFAsyncOperations.xcodeproj; sourceTree = "<group>"; };
		65E7347A14541C6E00DF2FD1 /* JFFNetwork.xcodeproj */ = {isa = PBXFileReference; lastKnownFileType = "wrapper.pb-project"; name = JFFNetwork.xcodeproj; path = Dependencies/JFFLibrary/lib/JFFNetwork/JFFNetwork.xcodeproj; sourceTree = "<group>"; };
		65E7348314541C7400DF2FD1 /* JFFScheduler.xcodeproj */ = {isa = PBXFileReference; lastKnownFileType = "wrapper.pb-project"; name = JFFScheduler.xcodeproj; path = Dependencies/JFFLibrary/lib/JFFScheduler/JFFScheduler.xcodeproj; sourceTree = "<group>"; };
		65E7348C14541C7B00DF2FD1 /* JFFUtils.xcodeproj */ = {isa = PBXFileReference; lastKnownFileType = "wrapper.pb-project"; name = JFFUtils.xcodeproj; path = Dependencies/JFFLibrary/lib/JFFUtils/JFFUtils.xcodeproj; sourceTree = "<group>"; };
		65E734A114541DE700DF2FD1 /* CFNetwork.framework */ = {isa = PBXFileReference; lastKnownFileType = wrapper.framework; name = CFNetwork.framework; path = System/Library/Frameworks/CFNetwork.framework; sourceTree = SDKROOT; };
		65E734A314541DF600DF2FD1 /* libz.dylib */ = {isa = PBXFileReference; lastKnownFileType = "compiled.mach-o.dylib"; name = libz.dylib; path = usr/lib/libz.dylib; sourceTree = SDKROOT; };
/* End PBXFileReference section */

/* Begin PBXFrameworksBuildPhase section */
		65E7344714541C0D00DF2FD1 /* Frameworks */ = {
			isa = PBXFrameworksBuildPhase;
			buildActionMask = 2147483647;
			files = (
				65E734A414541DF600DF2FD1 /* libz.dylib in Frameworks */,
				65E734A214541DE700DF2FD1 /* CFNetwork.framework in Frameworks */,
				65E7349D14541CAC00DF2FD1 /* libJFFAsyncOperations.a in Frameworks */,
				65E7349E14541CAC00DF2FD1 /* libJFFNetwork.a in Frameworks */,
				65E7349F14541CAC00DF2FD1 /* libJFFScheduler.a in Frameworks */,
				65E734A014541CAC00DF2FD1 /* libJFFUtils.a in Frameworks */,
				65E7344F14541C0D00DF2FD1 /* UIKit.framework in Frameworks */,
				65E7345114541C0D00DF2FD1 /* Foundation.framework in Frameworks */,
				65E7345314541C0D00DF2FD1 /* CoreGraphics.framework in Frameworks */,
			);
			runOnlyForDeploymentPostprocessing = 0;
		};
/* End PBXFrameworksBuildPhase section */

/* Begin PBXGroup section */
		65E7343F14541C0D00DF2FD1 = {
			isa = PBXGroup;
			children = (
				65E7345414541C0D00DF2FD1 /* testStream */,
				65E7346B14541C5000DF2FD1 /* Dependencies */,
				65E7344D14541C0D00DF2FD1 /* Frameworks */,
				65E7344B14541C0D00DF2FD1 /* Products */,
			);
			sourceTree = "<group>";
		};
		65E7344B14541C0D00DF2FD1 /* Products */ = {
			isa = PBXGroup;
			children = (
				65E7344A14541C0D00DF2FD1 /* testStream.app */,
			);
			name = Products;
			sourceTree = "<group>";
		};
		65E7344D14541C0D00DF2FD1 /* Frameworks */ = {
			isa = PBXGroup;
			children = (
				65E734A314541DF600DF2FD1 /* libz.dylib */,
				65E734A114541DE700DF2FD1 /* CFNetwork.framework */,
				65E7344E14541C0D00DF2FD1 /* UIKit.framework */,
				65E7345014541C0D00DF2FD1 /* Foundation.framework */,
				65E7345214541C0D00DF2FD1 /* CoreGraphics.framework */,
			);
			name = Frameworks;
			sourceTree = "<group>";
		};
		65E7345414541C0D00DF2FD1 /* testStream */ = {
			isa = PBXGroup;
			children = (
				65E7345D14541C0D00DF2FD1 /* AppDelegate.h */,
				65E7345E14541C0D00DF2FD1 /* AppDelegate.m */,
				65E7346014541C0D00DF2FD1 /* MainStoryboard.storyboard */,
				65E7346314541C0D00DF2FD1 /* ViewController.h */,
				65E7346414541C0D00DF2FD1 /* ViewController.m */,
				65E7345514541C0D00DF2FD1 /* Supporting Files */,
			);
			path = testStream;
			sourceTree = "<group>";
		};
		65E7345514541C0D00DF2FD1 /* Supporting Files */ = {
			isa = PBXGroup;
			children = (
				65E7345614541C0D00DF2FD1 /* testStream-Info.plist */,
				65E7345714541C0D00DF2FD1 /* InfoPlist.strings */,
				65E7345A14541C0D00DF2FD1 /* main.m */,
				65E7345C14541C0D00DF2FD1 /* testStream-Prefix.pch */,
			);
			name = "Supporting Files";
			sourceTree = "<group>";
		};
		65E7346B14541C5000DF2FD1 /* Dependencies */ = {
			isa = PBXGroup;
			children = (
				65E7348C14541C7B00DF2FD1 /* JFFUtils.xcodeproj */,
				65E7348314541C7400DF2FD1 /* JFFScheduler.xcodeproj */,
				65E7347A14541C6E00DF2FD1 /* JFFNetwork.xcodeproj */,
				65E7346C14541C6700DF2FD1 /* JFFAsyncOperations.xcodeproj */,
			);
			name = Dependencies;
			sourceTree = "<group>";
		};
		65E7346D14541C6700DF2FD1 /* Products */ = {
			isa = PBXGroup;
			children = (
				65E7347814541C6700DF2FD1 /* libJFFAsyncOperations.a */,
			);
			name = Products;
			sourceTree = "<group>";
		};
		65E7347B14541C6E00DF2FD1 /* Products */ = {
			isa = PBXGroup;
			children = (
				65E7348214541C6E00DF2FD1 /* libJFFNetwork.a */,
			);
			name = Products;
			sourceTree = "<group>";
		};
		65E7348414541C7400DF2FD1 /* Products */ = {
			isa = PBXGroup;
			children = (
				65E7348B14541C7400DF2FD1 /* libJFFScheduler.a */,
			);
			name = Products;
			sourceTree = "<group>";
		};
		65E7348D14541C7B00DF2FD1 /* Products */ = {
			isa = PBXGroup;
			children = (
				65E7349414541C7B00DF2FD1 /* libJFFUtils.a */,
			);
			name = Products;
			sourceTree = "<group>";
		};
/* End PBXGroup section */

/* Begin PBXNativeTarget section */
		65E7344914541C0D00DF2FD1 /* testStream */ = {
			isa = PBXNativeTarget;
			buildConfigurationList = 65E7346814541C0D00DF2FD1 /* Build configuration list for PBXNativeTarget "testStream" */;
			buildPhases = (
				65E7344614541C0D00DF2FD1 /* Sources */,
				65E7344714541C0D00DF2FD1 /* Frameworks */,
				65E7344814541C0D00DF2FD1 /* Resources */,
			);
			buildRules = (
			);
			dependencies = (
				65E7349614541CA500DF2FD1 /* PBXTargetDependency */,
				65E7349814541CA500DF2FD1 /* PBXTargetDependency */,
				65E7349A14541CA500DF2FD1 /* PBXTargetDependency */,
				65E7349C14541CA500DF2FD1 /* PBXTargetDependency */,
			);
			name = testStream;
			productName = testStream;
			productReference = 65E7344A14541C0D00DF2FD1 /* testStream.app */;
			productType = "com.apple.product-type.application";
		};
/* End PBXNativeTarget section */

/* Begin PBXProject section */
		65E7344114541C0D00DF2FD1 /* Project object */ = {
			isa = PBXProject;
			attributes = {
				LastUpgradeCheck = 0420;
			};
			buildConfigurationList = 65E7344414541C0D00DF2FD1 /* Build configuration list for PBXProject "testStream" */;
			compatibilityVersion = "Xcode 3.2";
			developmentRegion = English;
			hasScannedForEncodings = 0;
			knownRegions = (
				en,
			);
			mainGroup = 65E7343F14541C0D00DF2FD1;
			productRefGroup = 65E7344B14541C0D00DF2FD1 /* Products */;
			projectDirPath = "";
			projectReferences = (
				{
					ProductGroup = 65E7346D14541C6700DF2FD1 /* Products */;
					ProjectRef = 65E7346C14541C6700DF2FD1 /* JFFAsyncOperations.xcodeproj */;
				},
				{
					ProductGroup = 65E7347B14541C6E00DF2FD1 /* Products */;
					ProjectRef = 65E7347A14541C6E00DF2FD1 /* JFFNetwork.xcodeproj */;
				},
				{
					ProductGroup = 65E7348414541C7400DF2FD1 /* Products */;
					ProjectRef = 65E7348314541C7400DF2FD1 /* JFFScheduler.xcodeproj */;
				},
				{
					ProductGroup = 65E7348D14541C7B00DF2FD1 /* Products */;
					ProjectRef = 65E7348C14541C7B00DF2FD1 /* JFFUtils.xcodeproj */;
				},
			);
			projectRoot = "";
			targets = (
				65E7344914541C0D00DF2FD1 /* testStream */,
			);
		};
/* End PBXProject section */

/* Begin PBXReferenceProxy section */
		65E7347814541C6700DF2FD1 /* libJFFAsyncOperations.a */ = {
			isa = PBXReferenceProxy;
			fileType = archive.ar;
			path = libJFFAsyncOperations.a;
			remoteRef = 65E7347714541C6700DF2FD1 /* PBXContainerItemProxy */;
			sourceTree = BUILT_PRODUCTS_DIR;
		};
		65E7348214541C6E00DF2FD1 /* libJFFNetwork.a */ = {
			isa = PBXReferenceProxy;
			fileType = archive.ar;
			path = libJFFNetwork.a;
			remoteRef = 65E7348114541C6E00DF2FD1 /* PBXContainerItemProxy */;
			sourceTree = BUILT_PRODUCTS_DIR;
		};
		65E7348B14541C7400DF2FD1 /* libJFFScheduler.a */ = {
			isa = PBXReferenceProxy;
			fileType = archive.ar;
			path = libJFFScheduler.a;
			remoteRef = 65E7348A14541C7400DF2FD1 /* PBXContainerItemProxy */;
			sourceTree = BUILT_PRODUCTS_DIR;
		};
		65E7349414541C7B00DF2FD1 /* libJFFUtils.a */ = {
			isa = PBXReferenceProxy;
			fileType = archive.ar;
			path = libJFFUtils.a;
			remoteRef = 65E7349314541C7B00DF2FD1 /* PBXContainerItemProxy */;
			sourceTree = BUILT_PRODUCTS_DIR;
		};
/* End PBXReferenceProxy section */

/* Begin PBXResourcesBuildPhase section */
		65E7344814541C0D00DF2FD1 /* Resources */ = {
			isa = PBXResourcesBuildPhase;
			buildActionMask = 2147483647;
			files = (
				65E7345914541C0D00DF2FD1 /* InfoPlist.strings in Resources */,
				65E7346214541C0D00DF2FD1 /* MainStoryboard.storyboard in Resources */,
			);
			runOnlyForDeploymentPostprocessing = 0;
		};
/* End PBXResourcesBuildPhase section */

/* Begin PBXSourcesBuildPhase section */
		65E7344614541C0D00DF2FD1 /* Sources */ = {
			isa = PBXSourcesBuildPhase;
			buildActionMask = 2147483647;
			files = (
				65E7345B14541C0D00DF2FD1 /* main.m in Sources */,
				65E7345F14541C0D00DF2FD1 /* AppDelegate.m in Sources */,
				65E7346514541C0D00DF2FD1 /* ViewController.m in Sources */,
			);
			runOnlyForDeploymentPostprocessing = 0;
		};
/* End PBXSourcesBuildPhase section */

/* Begin PBXTargetDependency section */
		65E7349614541CA500DF2FD1 /* PBXTargetDependency */ = {
			isa = PBXTargetDependency;
			name = JFFUtils;
			targetProxy = 65E7349514541CA500DF2FD1 /* PBXContainerItemProxy */;
		};
		65E7349814541CA500DF2FD1 /* PBXTargetDependency */ = {
			isa = PBXTargetDependency;
			name = JFFAsyncOperations;
			targetProxy = 65E7349714541CA500DF2FD1 /* PBXContainerItemProxy */;
		};
		65E7349A14541CA500DF2FD1 /* PBXTargetDependency */ = {
			isa = PBXTargetDependency;
			name = JFFScheduler;
			targetProxy = 65E7349914541CA500DF2FD1 /* PBXContainerItemProxy */;
		};
		65E7349C14541CA500DF2FD1 /* PBXTargetDependency */ = {
			isa = PBXTargetDependency;
			name = JFFNetwork;
			targetProxy = 65E7349B14541CA500DF2FD1 /* PBXContainerItemProxy */;
		};
/* End PBXTargetDependency section */

/* Begin PBXVariantGroup section */
		65E7345714541C0D00DF2FD1 /* InfoPlist.strings */ = {
			isa = PBXVariantGroup;
			children = (
				65E7345814541C0D00DF2FD1 /* en */,
			);
			name = InfoPlist.strings;
			sourceTree = "<group>";
		};
		65E7346014541C0D00DF2FD1 /* MainStoryboard.storyboard */ = {
			isa = PBXVariantGroup;
			children = (
				65E7346114541C0D00DF2FD1 /* en */,
			);
			name = MainStoryboard.storyboard;
			sourceTree = "<group>";
		};
/* End PBXVariantGroup section */

/* Begin XCBuildConfiguration section */
		65E7346614541C0D00DF2FD1 /* Debug */ = {
			isa = XCBuildConfiguration;
			buildSettings = {
				ALWAYS_SEARCH_USER_PATHS = NO;
				ARCHS = "$(ARCHS_STANDARD_32_BIT)";
				CLANG_ENABLE_OBJC_ARC = YES;
				"CODE_SIGN_IDENTITY[sdk=iphoneos*]" = "iPhone Developer";
				COPY_PHASE_STRIP = NO;
				GCC_C_LANGUAGE_STANDARD = gnu99;
				GCC_DYNAMIC_NO_PIC = NO;
				GCC_OPTIMIZATION_LEVEL = 0;
				GCC_PREPROCESSOR_DEFINITIONS = (
					"DEBUG=1",
					"$(inherited)",
				);
				GCC_SYMBOLS_PRIVATE_EXTERN = NO;
				GCC_VERSION = com.apple.compilers.llvm.clang.1_0;
				GCC_WARN_ABOUT_MISSING_PROTOTYPES = YES;
				GCC_WARN_ABOUT_RETURN_TYPE = YES;
				GCC_WARN_UNUSED_VARIABLE = YES;
				HEADER_SEARCH_PATHS = ./Dependencies/JFFLibrary/lib;
				IPHONEOS_DEPLOYMENT_TARGET = 5.0;
				OTHER_LDFLAGS = (
					"-ObjC",
					"-all_load",
				);
				SDKROOT = iphoneos;
			};
			name = Debug;
		};
		65E7346714541C0D00DF2FD1 /* Release */ = {
			isa = XCBuildConfiguration;
			buildSettings = {
				ALWAYS_SEARCH_USER_PATHS = NO;
				ARCHS = "$(ARCHS_STANDARD_32_BIT)";
				CLANG_ENABLE_OBJC_ARC = YES;
				"CODE_SIGN_IDENTITY[sdk=iphoneos*]" = "iPhone Developer";
				COPY_PHASE_STRIP = YES;
				GCC_C_LANGUAGE_STANDARD = gnu99;
				GCC_VERSION = com.apple.compilers.llvm.clang.1_0;
				GCC_WARN_ABOUT_MISSING_PROTOTYPES = YES;
				GCC_WARN_ABOUT_RETURN_TYPE = YES;
				GCC_WARN_UNUSED_VARIABLE = YES;
				HEADER_SEARCH_PATHS = ./Dependencies/JFFLibrary/lib;
				IPHONEOS_DEPLOYMENT_TARGET = 5.0;
				OTHER_CFLAGS = "-DNS_BLOCK_ASSERTIONS=1";
				OTHER_LDFLAGS = (
					"-ObjC",
					"-all_load",
				);
				SDKROOT = iphoneos;
				VALIDATE_PRODUCT = YES;
			};
			name = Release;
		};
		65E7346914541C0D00DF2FD1 /* Debug */ = {
			isa = XCBuildConfiguration;
			buildSettings = {
				GCC_PRECOMPILE_PREFIX_HEADER = YES;
				GCC_PREFIX_HEADER = "testStream/testStream-Prefix.pch";
				INFOPLIST_FILE = "testStream/testStream-Info.plist";
				PRODUCT_NAME = "$(TARGET_NAME)";
				WRAPPER_EXTENSION = app;
			};
			name = Debug;
		};
		65E7346A14541C0D00DF2FD1 /* Release */ = {
			isa = XCBuildConfiguration;
			buildSettings = {
				GCC_PRECOMPILE_PREFIX_HEADER = YES;
				GCC_PREFIX_HEADER = "testStream/testStream-Prefix.pch";
				INFOPLIST_FILE = "testStream/testStream-Info.plist";
				PRODUCT_NAME = "$(TARGET_NAME)";
				WRAPPER_EXTENSION = app;
			};
			name = Release;
		};
/* End XCBuildConfiguration section */

/* Begin XCConfigurationList section */
		65E7344414541C0D00DF2FD1 /* Build configuration list for PBXProject "testStream" */ = {
			isa = XCConfigurationList;
			buildConfigurations = (
				65E7346614541C0D00DF2FD1 /* Debug */,
				65E7346714541C0D00DF2FD1 /* Release */,
			);
			defaultConfigurationIsVisible = 0;
			defaultConfigurationName = Release;
		};
		65E7346814541C0D00DF2FD1 /* Build configuration list for PBXNativeTarget "testStream" */ = {
			isa = XCConfigurationList;
			buildConfigurations = (
				65E7346914541C0D00DF2FD1 /* Debug */,
				65E7346A14541C0D00DF2FD1 /* Release */,
			);
			defaultConfigurationIsVisible = 0;
			defaultConfigurationName = Release;
		};
/* End XCConfigurationList section */
	};
	rootObject = 65E7344114541C0D00DF2FD1 /* Project object */;
}
